
Microsoft Visual Studio Solution File, Format Version 12.00
# Visual Studio Version 17
VisualStudioVersion = 17.11.35222.181
MinimumVisualStudioVersion = 10.0.40219.1
Project("{8BC9CEB8-8B4A-11D0-8D11-00A0C91BC942}") = "client", "client\client.vcxproj", "{0A55760B-9DB6-45B9-B31A-CC515F33F874}"
EndProject
Project("{8BC9CEB8-8B4A-11D0-8D11-00A0C91BC942}") = "server", "server\server.vcxproj", "{67739527-EDED-4A80-801E-2AA72B4A455F}"
EndProject
Project("{54435603-DBB4-11D2-8724-00A0C9A8B90C}") = "client（虫虫大作战）", "..\..\setup项目打包\虫虫大作战（联机）\client\client（虫虫大作战）\client（虫虫大作战）.vdproj", "{EC3A8B1A-C4E2-40B9-8C91-A52DE7C79ABD}"
EndProject
Global
	GlobalSection(SolutionConfigurationPlatforms) = preSolution
		Debug|x64 = Debug|x64
		Debug|x86 = Debug|x86
		Release|x64 = Release|x64
		Release|x86 = Release|x86
	EndGlobalSection
	GlobalSection(ProjectConfigurationPlatforms) = postSolution
		{0A55760B-9DB6-45B9-B31A-CC515F33F874}.Debug|x64.ActiveCfg = Debug|x64
		{0A55760B-9DB6-45B9-B31A-CC515F33F874}.Debug|x64.Build.0 = Debug|x64
		{0A55760B-9DB6-45B9-B31A-CC515F33F874}.Debug|x86.ActiveCfg = Debug|Win32
		{0A55760B-9DB6-45B9-B31A-CC515F33F874}.Debug|x86.Build.0 = Debug|Win32
		{0A55760B-9DB6-45B9-B31A-CC515F33F874}.Release|x64.ActiveCfg = Release|x64
		{0A55760B-9DB6-45B9-B31A-CC515F33F874}.Release|x64.Build.0 = Release|x64
		{0A55760B-9DB6-45B9-B31A-CC515F33F874}.Release|x86.ActiveCfg = Release|Win32
		{0A55760B-9DB6-45B9-B31A-CC515F33F874}.Release|x86.Build.0 = Release|Win32
		{67739527-EDED-4A80-801E-2AA72B4A455F}.Debug|x64.ActiveCfg = Debug|x64
		{67739527-EDED-4A80-801E-2AA72B4A455F}.Debug|x64.Build.0 = Debug|x64
		{67739527-EDED-4A80-801E-2AA72B4A455F}.Debug|x86.ActiveCfg = Debug|Win32
		{67739527-EDED-4A80-801E-2AA72B4A455F}.Debug|x86.Build.0 = Debug|Win32
		{67739527-EDED-4A80-801E-2AA72B4A455F}.Release|x64.ActiveCfg = Release|x64
		{67739527-EDED-4A80-801E-2AA72B4A455F}.Release|x64.Build.0 = Release|x64
		{67739527-EDED-4A80-801E-2AA72B4A455F}.Release|x86.ActiveCfg = Release|Win32
		{67739527-EDED-4A80-801E-2AA72B4A455F}.Release|x86.Build.0 = Release|Win32
		{EC3A8B1A-C4E2-40B9-8C91-A52DE7C79ABD}.Debug|x64.ActiveCfg = Debug
		{EC3A8B1A-C4E2-40B9-8C91-A52DE7C79ABD}.Debug|x86.ActiveCfg = Debug
		{EC3A8B1A-C4E2-40B9-8C91-A52DE7C79ABD}.Release|x64.ActiveCfg = Release
		{EC3A8B1A-C4E2-40B9-8C91-A52DE7C79ABD}.Release|x86.ActiveCfg = Release
	EndGlobalSection
	GlobalSection(SolutionProperties) = preSolution
		HideSolutionNode = FALSE
	EndGlobalSection
	GlobalSection(ExtensibilityGlobals) = postSolution
		SolutionGuid = {CB0C8437-1EF7-4308-A87C-26DF9577A5E4}
	EndGlobalSection
EndGlobal
